// !$*UTF8*$!
{
	archiveVersion = 1;
	classes = {
	};
	objectVersion = 50;
	objects = {

/* Begin PBXBuildFile section */
		2354E2DC233DB2A3000478B0 /* NewsModel.swift in Sources */ = {isa = PBXBuildFile; fileRef = 2354E2DB233DB2A3000478B0 /* NewsModel.swift */; };
		2354E2DE233DB694000478B0 /* StoryView.swift in Sources */ = {isa = PBXBuildFile; fileRef = 2354E2DD233DB694000478B0 /* StoryView.swift */; };
		23794A32233D984400937D3C /* AussieNews WatchKit App.app in Embed Watch Content */ = {isa = PBXBuildFile; fileRef = 23794A31233D984400937D3C /* AussieNews WatchKit App.app */; settings = {ATTRIBUTES = (RemoveHeadersOnCopy, ); }; };
		23794A38233D984400937D3C /* Interface.storyboard in Resources */ = {isa = PBXBuildFile; fileRef = 23794A36233D984400937D3C /* Interface.storyboard */; };
		23794A3A233D984500937D3C /* Assets.xcassets in Resources */ = {isa = PBXBuildFile; fileRef = 23794A39233D984500937D3C /* Assets.xcassets */; };
		23794A41233D984500937D3C /* AussieNews WatchKit Extension.appex in Embed App Extensions */ = {isa = PBXBuildFile; fileRef = 23794A40233D984500937D3C /* AussieNews WatchKit Extension.appex */; settings = {ATTRIBUTES = (RemoveHeadersOnCopy, ); }; };
		23794A46233D984500937D3C /* ContentView.swift in Sources */ = {isa = PBXBuildFile; fileRef = 23794A45233D984500937D3C /* ContentView.swift */; };
		23794A48233D984500937D3C /* HostingController.swift in Sources */ = {isa = PBXBuildFile; fileRef = 23794A47233D984500937D3C /* HostingController.swift */; };
		23794A4A233D984500937D3C /* ExtensionDelegate.swift in Sources */ = {isa = PBXBuildFile; fileRef = 23794A49233D984500937D3C /* ExtensionDelegate.swift */; };
		23794A52233D984600937D3C /* Assets.xcassets in Resources */ = {isa = PBXBuildFile; fileRef = 23794A51233D984600937D3C /* Assets.xcassets */; };
		23794A55233D984600937D3C /* Preview Assets.xcassets in Resources */ = {isa = PBXBuildFile; fileRef = 23794A54233D984600937D3C /* Preview Assets.xcassets */; };
/* End PBXBuildFile section */

/* Begin PBXContainerItemProxy section */
		23794A33233D984400937D3C /* PBXContainerItemProxy */ = {
			isa = PBXContainerItemProxy;
			containerPortal = 23794A27233D984300937D3C /* Project object */;
			proxyType = 1;
			remoteGlobalIDString = 23794A30233D984400937D3C;
			remoteInfo = "WatchYaself WatchKit App";
		};
		23794A42233D984500937D3C /* PBXContainerItemProxy */ = {
			isa = PBXContainerItemProxy;
			containerPortal = 23794A27233D984300937D3C /* Project object */;
			proxyType = 1;
			remoteGlobalIDString = 23794A3F233D984500937D3C;
			remoteInfo = "WatchYaself WatchKit Extension";
		};
/* End PBXContainerItemProxy section */

/* Begin PBXCopyFilesBuildPhase section */
		23794A5D233D984600937D3C /* Embed App Extensions */ = {
			isa = PBXCopyFilesBuildPhase;
			buildActionMask = 2147483647;
			dstPath = "";
			dstSubfolderSpec = 13;
			files = (
				23794A41233D984500937D3C /* AussieNews WatchKit Extension.appex in Embed App Extensions */,
			);
			name = "Embed App Extensions";
			runOnlyForDeploymentPostprocessing = 0;
		};
		23794A61233D984600937D3C /* Embed Watch Content */ = {
			isa = PBXCopyFilesBuildPhase;
			buildActionMask = 2147483647;
			dstPath = "$(CONTENTS_FOLDER_PATH)/Watch";
			dstSubfolderSpec = 16;
			files = (
				23794A32233D984400937D3C /* AussieNews WatchKit App.app in Embed Watch Content */,
			);
			name = "Embed Watch Content";
			runOnlyForDeploymentPostprocessing = 0;
		};
/* End PBXCopyFilesBuildPhase section */

/* Begin PBXFileReference section */
		2354E2DB233DB2A3000478B0 /* NewsModel.swift */ = {isa = PBXFileReference; lastKnownFileType = sourcecode.swift; path = NewsModel.swift; sourceTree = "<group>"; };
		2354E2DD233DB694000478B0 /* StoryView.swift */ = {isa = PBXFileReference; lastKnownFileType = sourcecode.swift; path = StoryView.swift; sourceTree = "<group>"; };
		23794A2D233D984300937D3C /* AussieNews.app */ = {isa = PBXFileReference; explicitFileType = wrapper.application; includeInIndex = 0; path = AussieNews.app; sourceTree = BUILT_PRODUCTS_DIR; };
		23794A31233D984400937D3C /* AussieNews WatchKit App.app */ = {isa = PBXFileReference; explicitFileType = wrapper.application; includeInIndex = 0; path = "AussieNews WatchKit App.app"; sourceTree = BUILT_PRODUCTS_DIR; };
		23794A37233D984400937D3C /* Base */ = {isa = PBXFileReference; lastKnownFileType = file.storyboard; name = Base; path = Base.lproj/Interface.storyboard; sourceTree = "<group>"; };
		23794A39233D984500937D3C /* Assets.xcassets */ = {isa = PBXFileReference; lastKnownFileType = folder.assetcatalog; path = Assets.xcassets; sourceTree = "<group>"; };
		23794A3B233D984500937D3C /* Info.plist */ = {isa = PBXFileReference; lastKnownFileType = text.plist.xml; path = Info.plist; sourceTree = "<group>"; };
		23794A40233D984500937D3C /* AussieNews WatchKit Extension.appex */ = {isa = PBXFileReference; explicitFileType = "wrapper.app-extension"; includeInIndex = 0; path = "AussieNews WatchKit Extension.appex"; sourceTree = BUILT_PRODUCTS_DIR; };
		23794A45233D984500937D3C /* ContentView.swift */ = {isa = PBXFileReference; lastKnownFileType = sourcecode.swift; path = ContentView.swift; sourceTree = "<group>"; };
		23794A47233D984500937D3C /* HostingController.swift */ = {isa = PBXFileReference; lastKnownFileType = sourcecode.swift; path = HostingController.swift; sourceTree = "<group>"; };
		23794A49233D984500937D3C /* ExtensionDelegate.swift */ = {isa = PBXFileReference; lastKnownFileType = sourcecode.swift; path = ExtensionDelegate.swift; sourceTree = "<group>"; };
		23794A51233D984600937D3C /* Assets.xcassets */ = {isa = PBXFileReference; lastKnownFileType = folder.assetcatalog; path = Assets.xcassets; sourceTree = "<group>"; };
		23794A54233D984600937D3C /* Preview Assets.xcassets */ = {isa = PBXFileReference; lastKnownFileType = folder.assetcatalog; path = "Preview Assets.xcassets"; sourceTree = "<group>"; };
		23794A56233D984600937D3C /* Info.plist */ = {isa = PBXFileReference; lastKnownFileType = text.plist.xml; path = Info.plist; sourceTree = "<group>"; };
/* End PBXFileReference section */

/* Begin PBXFrameworksBuildPhase section */
		23794A3D233D984500937D3C /* Frameworks */ = {
			isa = PBXFrameworksBuildPhase;
			buildActionMask = 2147483647;
			files = (
			);
			runOnlyForDeploymentPostprocessing = 0;
		};
/* End PBXFrameworksBuildPhase section */

/* Begin PBXGroup section */
		23794A26233D984300937D3C = {
			isa = PBXGroup;
			children = (
				23794A35233D984400937D3C /* AussieNews WatchKit App */,
				23794A44233D984500937D3C /* AussieNews WatchKit Extension */,
				23794A2E233D984300937D3C /* Products */,
			);
			sourceTree = "<group>";
		};
		23794A2E233D984300937D3C /* Products */ = {
			isa = PBXGroup;
			children = (
				23794A2D233D984300937D3C /* AussieNews.app */,
				23794A31233D984400937D3C /* AussieNews WatchKit App.app */,
				23794A40233D984500937D3C /* AussieNews WatchKit Extension.appex */,
			);
			name = Products;
			sourceTree = "<group>";
		};
		23794A35233D984400937D3C /* AussieNews WatchKit App */ = {
			isa = PBXGroup;
			children = (
				23794A36233D984400937D3C /* Interface.storyboard */,
				23794A39233D984500937D3C /* Assets.xcassets */,
				23794A3B233D984500937D3C /* Info.plist */,
			);
			path = "AussieNews WatchKit App";
			sourceTree = "<group>";
		};
		23794A44233D984500937D3C /* AussieNews WatchKit Extension */ = {
			isa = PBXGroup;
			children = (
				23794A45233D984500937D3C /* ContentView.swift */,
				23794A47233D984500937D3C /* HostingController.swift */,
				2354E2DB233DB2A3000478B0 /* NewsModel.swift */,
				23794A49233D984500937D3C /* ExtensionDelegate.swift */,
				2354E2DD233DB694000478B0 /* StoryView.swift */,
				23794A51233D984600937D3C /* Assets.xcassets */,
				23794A56233D984600937D3C /* Info.plist */,
				23794A53233D984600937D3C /* Preview Content */,
			);
			path = "AussieNews WatchKit Extension";
			sourceTree = "<group>";
		};
		23794A53233D984600937D3C /* Preview Content */ = {
			isa = PBXGroup;
			children = (
				23794A54233D984600937D3C /* Preview Assets.xcassets */,
			);
			path = "Preview Content";
			sourceTree = "<group>";
		};
/* End PBXGroup section */

/* Begin PBXNativeTarget section */
		23794A2C233D984300937D3C /* AussieNews */ = {
			isa = PBXNativeTarget;
			buildConfigurationList = 23794A62233D984600937D3C /* Build configuration list for PBXNativeTarget "AussieNews" */;
			buildPhases = (
				23794A2B233D984300937D3C /* Resources */,
				23794A61233D984600937D3C /* Embed Watch Content */,
			);
			buildRules = (
			);
			dependencies = (
				23794A34233D984400937D3C /* PBXTargetDependency */,
			);
			name = AussieNews;
			productName = WatchYaself;
			productReference = 23794A2D233D984300937D3C /* AussieNews.app */;
			productType = "com.apple.product-type.application.watchapp2-container";
		};
		23794A30233D984400937D3C /* AussieNews WatchKit App */ = {
			isa = PBXNativeTarget;
			buildConfigurationList = 23794A5E233D984600937D3C /* Build configuration list for PBXNativeTarget "AussieNews WatchKit App" */;
			buildPhases = (
				23794A2F233D984400937D3C /* Resources */,
				23794A5D233D984600937D3C /* Embed App Extensions */,
			);
			buildRules = (
			);
			dependencies = (
				23794A43233D984500937D3C /* PBXTargetDependency */,
			);
			name = "AussieNews WatchKit App";
			productName = "WatchYaself WatchKit App";
			productReference = 23794A31233D984400937D3C /* AussieNews WatchKit App.app */;
			productType = "com.apple.product-type.application.watchapp2";
		};
		23794A3F233D984500937D3C /* AussieNews WatchKit Extension */ = {
			isa = PBXNativeTarget;
			buildConfigurationList = 23794A5A233D984600937D3C /* Build configuration list for PBXNativeTarget "AussieNews WatchKit Extension" */;
			buildPhases = (
				23794A3C233D984500937D3C /* Sources */,
				23794A3D233D984500937D3C /* Frameworks */,
				23794A3E233D984500937D3C /* Resources */,
			);
			buildRules = (
			);
			dependencies = (
			);
			name = "AussieNews WatchKit Extension";
			productName = "WatchYaself WatchKit Extension";
			productReference = 23794A40233D984500937D3C /* AussieNews WatchKit Extension.appex */;
			productType = "com.apple.product-type.watchkit2-extension";
		};
/* End PBXNativeTarget section */

/* Begin PBXProject section */
		23794A27233D984300937D3C /* Project object */ = {
			isa = PBXProject;
			attributes = {
				LastSwiftUpdateCheck = 1100;
				LastUpgradeCheck = 1100;
				ORGANIZATIONNAME = "Jake Bloom";
				TargetAttributes = {
					23794A2C233D984300937D3C = {
						CreatedOnToolsVersion = 11.0;
					};
					23794A30233D984400937D3C = {
						CreatedOnToolsVersion = 11.0;
					};
					23794A3F233D984500937D3C = {
						CreatedOnToolsVersion = 11.0;
					};
				};
			};
			buildConfigurationList = 23794A2A233D984300937D3C /* Build configuration list for PBXProject "AussieNews" */;
			compatibilityVersion = "Xcode 9.3";
			developmentRegion = en;
			hasScannedForEncodings = 0;
			knownRegions = (
				en,
				Base,
			);
			mainGroup = 23794A26233D984300937D3C;
			productRefGroup = 23794A2E233D984300937D3C /* Products */;
			projectDirPath = "";
			projectRoot = "";
			targets = (
				23794A2C233D984300937D3C /* AussieNews */,
				23794A30233D984400937D3C /* AussieNews WatchKit App */,
				23794A3F233D984500937D3C /* AussieNews WatchKit Extension */,
			);
		};
/* End PBXProject section */

/* Begin PBXResourcesBuildPhase section */
		23794A2B233D984300937D3C /* Resources */ = {
			isa = PBXResourcesBuildPhase;
			buildActionMask = 2147483647;
			files = (
			);
			runOnlyForDeploymentPostprocessing = 0;
		};
		23794A2F233D984400937D3C /* Resources */ = {
			isa = PBXResourcesBuildPhase;
			buildActionMask = 2147483647;
			files = (
				23794A3A233D984500937D3C /* Assets.xcassets in Resources */,
				23794A38233D984400937D3C /* Interface.storyboard in Resources */,
			);
			runOnlyForDeploymentPostprocessing = 0;
		};
		23794A3E233D984500937D3C /* Resources */ = {
			isa = PBXResourcesBuildPhase;
			buildActionMask = 2147483647;
			files = (
				23794A55233D984600937D3C /* Preview Assets.xcassets in Resources */,
				23794A52233D984600937D3C /* Assets.xcassets in Resources */,
			);
			runOnlyForDeploymentPostprocessing = 0;
		};
/* End PBXResourcesBuildPhase section */

/* Begin PBXSourcesBuildPhase section */
		23794A3C233D984500937D3C /* Sources */ = {
			isa = PBXSourcesBuildPhase;
			buildActionMask = 2147483647;
			files = (
				2354E2DE233DB694000478B0 /* StoryView.swift in Sources */,
				23794A48233D984500937D3C /* HostingController.swift in Sources */,
				23794A46233D984500937D3C /* ContentView.swift in Sources */,
				2354E2DC233DB2A3000478B0 /* NewsModel.swift in Sources */,
				23794A4A233D984500937D3C /* ExtensionDelegate.swift in Sources */,
			);
			runOnlyForDeploymentPostprocessing = 0;
		};
/* End PBXSourcesBuildPhase section */

/* Begin PBXTargetDependency section */
		23794A34233D984400937D3C /* PBXTargetDependency */ = {
			isa = PBXTargetDependency;
			target = 23794A30233D984400937D3C /* AussieNews WatchKit App */;
			targetProxy = 23794A33233D984400937D3C /* PBXContainerItemProxy */;
		};
		23794A43233D984500937D3C /* PBXTargetDependency */ = {
			isa = PBXTargetDependency;
			target = 23794A3F233D984500937D3C /* AussieNews WatchKit Extension */;
			targetProxy = 23794A42233D984500937D3C /* PBXContainerItemProxy */;
		};
/* End PBXTargetDependency section */

/* Begin PBXVariantGroup section */
		23794A36233D984400937D3C /* Interface.storyboard */ = {
			isa = PBXVariantGroup;
			children = (
				23794A37233D984400937D3C /* Base */,
			);
			name = Interface.storyboard;
			sourceTree = "<group>";
		};
/* End PBXVariantGroup section */

/* Begin XCBuildConfiguration section */
		23794A58233D984600937D3C /* Debug */ = {
			isa = XCBuildConfiguration;
			buildSettings = {
				ALWAYS_SEARCH_USER_PATHS = NO;
				CLANG_ANALYZER_NONNULL = YES;
				CLANG_ANALYZER_NUMBER_OBJECT_CONVERSION = YES_AGGRESSIVE;
				CLANG_CXX_LANGUAGE_STANDARD = "gnu++14";
				CLANG_CXX_LIBRARY = "libc++";
				CLANG_ENABLE_MODULES = YES;
				CLANG_ENABLE_OBJC_ARC = YES;
				CLANG_ENABLE_OBJC_WEAK = YES;
				CLANG_WARN_BLOCK_CAPTURE_AUTORELEASING = YES;
				CLANG_WARN_BOOL_CONVERSION = YES;
				CLANG_WARN_COMMA = YES;
				CLANG_WARN_CONSTANT_CONVERSION = YES;
				CLANG_WARN_DEPRECATED_OBJC_IMPLEMENTATIONS = YES;
				CLANG_WARN_DIRECT_OBJC_ISA_USAGE = YES_ERROR;
				CLANG_WARN_DOCUMENTATION_COMMENTS = YES;
				CLANG_WARN_EMPTY_BODY = YES;
				CLANG_WARN_ENUM_CONVERSION = YES;
				CLANG_WARN_INFINITE_RECURSION = YES;
				CLANG_WARN_INT_CONVERSION = YES;
				CLANG_WARN_NON_LITERAL_NULL_CONVERSION = YES;
				CLANG_WARN_OBJC_IMPLICIT_RETAIN_SELF = YES;
				CLANG_WARN_OBJC_LITERAL_CONVERSION = YES;
				CLANG_WARN_OBJC_ROOT_CLASS = YES_ERROR;
				CLANG_WARN_RANGE_LOOP_ANALYSIS = YES;
				CLANG_WARN_STRICT_PROTOTYPES = YES;
				CLANG_WARN_SUSPICIOUS_MOVE = YES;
				CLANG_WARN_UNGUARDED_AVAILABILITY = YES_AGGRESSIVE;
				CLANG_WARN_UNREACHABLE_CODE = YES;
				CLANG_WARN__DUPLICATE_METHOD_MATCH = YES;
				COPY_PHASE_STRIP = NO;
				DEBUG_INFORMATION_FORMAT = dwarf;
				ENABLE_STRICT_OBJC_MSGSEND = YES;
				ENABLE_TESTABILITY = YES;
				GCC_C_LANGUAGE_STANDARD = gnu11;
				GCC_DYNAMIC_NO_PIC = NO;
				GCC_NO_COMMON_BLOCKS = YES;
				GCC_OPTIMIZATION_LEVEL = 0;
				GCC_PREPROCESSOR_DEFINITIONS = (
					"DEBUG=1",
					"$(inherited)",
				);
				GCC_WARN_64_TO_32_BIT_CONVERSION = YES;
				GCC_WARN_ABOUT_RETURN_TYPE = YES_ERROR;
				GCC_WARN_UNDECLARED_SELECTOR = YES;
				GCC_WARN_UNINITIALIZED_AUTOS = YES_AGGRESSIVE;
				GCC_WARN_UNUSED_FUNCTION = YES;
				GCC_WARN_UNUSED_VARIABLE = YES;
				MTL_ENABLE_DEBUG_INFO = INCLUDE_SOURCE;
				MTL_FAST_MATH = YES;
				ONLY_ACTIVE_ARCH = YES;
				SDKROOT = iphoneos;
				SWIFT_ACTIVE_COMPILATION_CONDITIONS = DEBUG;
				SWIFT_OPTIMIZATION_LEVEL = "-Onone";
			};
			name = Debug;
		};
		23794A59233D984600937D3C /* Release */ = {
			isa = XCBuildConfiguration;
			buildSettings = {
				ALWAYS_SEARCH_USER_PATHS = NO;
				CLANG_ANALYZER_NONNULL = YES;
				CLANG_ANALYZER_NUMBER_OBJECT_CONVERSION = YES_AGGRESSIVE;
				CLANG_CXX_LANGUAGE_STANDARD = "gnu++14";
				CLANG_CXX_LIBRARY = "libc++";
				CLANG_ENABLE_MODULES = YES;
				CLANG_ENABLE_OBJC_ARC = YES;
				CLANG_ENABLE_OBJC_WEAK = YES;
				CLANG_WARN_BLOCK_CAPTURE_AUTORELEASING = YES;
				CLANG_WARN_BOOL_CONVERSION = YES;
				CLANG_WARN_COMMA = YES;
				CLANG_WARN_CONSTANT_CONVERSION = YES;
				CLANG_WARN_DEPRECATED_OBJC_IMPLEMENTATIONS = YES;
				CLANG_WARN_DIRECT_OBJC_ISA_USAGE = YES_ERROR;
				CLANG_WARN_DOCUMENTATION_COMMENTS = YES;
				CLANG_WARN_EMPTY_BODY = YES;
				CLANG_WARN_ENUM_CONVERSION = YES;
				CLANG_WARN_INFINITE_RECURSION = YES;
				CLANG_WARN_INT_CONVERSION = YES;
				CLANG_WARN_NON_LITERAL_NULL_CONVERSION = YES;
				CLANG_WARN_OBJC_IMPLICIT_RETAIN_SELF = YES;
				CLANG_WARN_OBJC_LITERAL_CONVERSION = YES;
				CLANG_WARN_OBJC_ROOT_CLASS = YES_ERROR;
				CLANG_WARN_RANGE_LOOP_ANALYSIS = YES;
				CLANG_WARN_STRICT_PROTOTYPES = YES;
				CLANG_WARN_SUSPICIOUS_MOVE = YES;
				CLANG_WARN_UNGUARDED_AVAILABILITY = YES_AGGRESSIVE;
				CLANG_WARN_UNREACHABLE_CODE = YES;
				CLANG_WARN__DUPLICATE_METHOD_MATCH = YES;
				COPY_PHASE_STRIP = NO;
				DEBUG_INFORMATION_FORMAT = "dwarf-with-dsym";
				ENABLE_NS_ASSERTIONS = NO;
				ENABLE_STRICT_OBJC_MSGSEND = YES;
				GCC_C_LANGUAGE_STANDARD = gnu11;
				GCC_NO_COMMON_BLOCKS = YES;
				GCC_WARN_64_TO_32_BIT_CONVERSION = YES;
				GCC_WARN_ABOUT_RETURN_TYPE = YES_ERROR;
				GCC_WARN_UNDECLARED_SELECTOR = YES;
				GCC_WARN_UNINITIALIZED_AUTOS = YES_AGGRESSIVE;
				GCC_WARN_UNUSED_FUNCTION = YES;
				GCC_WARN_UNUSED_VARIABLE = YES;
				MTL_ENABLE_DEBUG_INFO = NO;
				MTL_FAST_MATH = YES;
				SDKROOT = iphoneos;
				SWIFT_COMPILATION_MODE = wholemodule;
				SWIFT_OPTIMIZATION_LEVEL = "-O";
				VALIDATE_PRODUCT = YES;
			};
			name = Release;
		};
		23794A5B233D984600937D3C /* Debug */ = {
			isa = XCBuildConfiguration;
			buildSettings = {
				ASSETCATALOG_COMPILER_COMPLICATION_NAME = Complication;
				CODE_SIGN_STYLE = Automatic;
				DEVELOPMENT_ASSET_PATHS = "\"AussieNews WatchKit Extension/Preview Content\"";
				DEVELOPMENT_TEAM = W98W63M3RW;
				ENABLE_PREVIEWS = YES;
				INFOPLIST_FILE = "AussieNews WatchKit Extension/Info.plist";
				LD_RUNPATH_SEARCH_PATHS = (
					"$(inherited)",
					"@executable_path/Frameworks",
					"@executable_path/../../Frameworks",
				);
				PRODUCT_BUNDLE_IDENTIFIER = com.jakebloom.aussienews.watchkitapp.watchkitextension;
				PRODUCT_NAME = "${TARGET_NAME}";
				SDKROOT = watchos;
				SKIP_INSTALL = YES;
				SWIFT_VERSION = 5.0;
				TARGETED_DEVICE_FAMILY = 4;
				WATCHOS_DEPLOYMENT_TARGET = 6.0;
			};
			name = Debug;
		};
		23794A5C233D984600937D3C /* Release */ = {
			isa = XCBuildConfiguration;
			buildSettings = {
				ASSETCATALOG_COMPILER_COMPLICATION_NAME = Complication;
				CODE_SIGN_STYLE = Automatic;
				DEVELOPMENT_ASSET_PATHS = "\"AussieNews WatchKit Extension/Preview Content\"";
				DEVELOPMENT_TEAM = W98W63M3RW;
				ENABLE_PREVIEWS = YES;
				INFOPLIST_FILE = "AussieNews WatchKit Extension/Info.plist";
				LD_RUNPATH_SEARCH_PATHS = (
					"$(inherited)",
					"@executable_path/Frameworks",
					"@executable_path/../../Frameworks",
				);
				PRODUCT_BUNDLE_IDENTIFIER = com.jakebloom.aussienews.watchkitapp.watchkitextension;
				PRODUCT_NAME = "${TARGET_NAME}";
				SDKROOT = watchos;
				SKIP_INSTALL = YES;
				SWIFT_VERSION = 5.0;
				TARGETED_DEVICE_FAMILY = 4;
				WATCHOS_DEPLOYMENT_TARGET = 6.0;
			};
			name = Release;
		};
		23794A5F233D984600937D3C /* Debug */ = {
			isa = XCBuildConfiguration;
			buildSettings = {
				ALWAYS_EMBED_SWIFT_STANDARD_LIBRARIES = YES;
				ASSETCATALOG_COMPILER_APPICON_NAME = AppIcon;
				CODE_SIGN_STYLE = Automatic;
				DEVELOPMENT_TEAM = W98W63M3RW;
				IBSC_MODULE = AussieNews_WatchKit_Extension;
				INFOPLIST_FILE = "AussieNews WatchKit App/Info.plist";
				PRODUCT_BUNDLE_IDENTIFIER = com.jakebloom.aussienews.watchkitapp;
				PRODUCT_NAME = "$(TARGET_NAME)";
				SDKROOT = watchos;
				SKIP_INSTALL = YES;
				SWIFT_VERSION = 5.0;
				TARGETED_DEVICE_FAMILY = 4;
				WATCHOS_DEPLOYMENT_TARGET = 6.0;
			};
			name = Debug;
		};
		23794A60233D984600937D3C /* Release */ = {
			isa = XCBuildConfiguration;
			buildSettings = {
				ALWAYS_EMBED_SWIFT_STANDARD_LIBRARIES = YES;
				ASSETCATALOG_COMPILER_APPICON_NAME = AppIcon;
				CODE_SIGN_STYLE = Automatic;
				DEVELOPMENT_TEAM = W98W63M3RW;
				IBSC_MODULE = AussieNews_WatchKit_Extension;
				INFOPLIST_FILE = "AussieNews WatchKit App/Info.plist";
				PRODUCT_BUNDLE_IDENTIFIER = com.jakebloom.aussienews.watchkitapp;
				PRODUCT_NAME = "$(TARGET_NAME)";
				SDKROOT = watchos;
				SKIP_INSTALL = YES;
				SWIFT_VERSION = 5.0;
				TARGETED_DEVICE_FAMILY = 4;
				WATCHOS_DEPLOYMENT_TARGET = 6.0;
			};
			name = Release;
		};
		23794A63233D984600937D3C /* Debug */ = {
			isa = XCBuildConfiguration;
			buildSettings = {
				CODE_SIGN_STYLE = Automatic;
				CURRENT_PROJECT_VERSION = 1;
				DEVELOPMENT_TEAM = W98W63M3RW;
				MARKETING_VERSION = 1.0;
				PRODUCT_BUNDLE_IDENTIFIER = com.jakebloom.aussienews;
				PRODUCT_NAME = AussieNews;
				SWIFT_VERSION = 5.0;
			};
			name = Debug;
		};
		23794A64233D984600937D3C /* Release */ = {
			isa = XCBuildConfiguration;
			buildSettings = {
				CODE_SIGN_STYLE = Automatic;
				CURRENT_PROJECT_VERSION = 1;
				DEVELOPMENT_TEAM = W98W63M3RW;
				MARKETING_VERSION = 1.0;
				PRODUCT_BUNDLE_IDENTIFIER = com.jakebloom.aussienews;
				PRODUCT_NAME = AussieNews;
				SWIFT_VERSION = 5.0;
			};
			name = Release;
		};
/* End XCBuildConfiguration section */

/* Begin XCConfigurationList section */
		23794A2A233D984300937D3C /* Build configuration list for PBXProject "AussieNews" */ = {
			isa = XCConfigurationList;
			buildConfigurations = (
				23794A58233D984600937D3C /* Debug */,
				23794A59233D984600937D3C /* Release */,
			);
			defaultConfigurationIsVisible = 0;
			defaultConfigurationName = Release;
		};
		23794A5A233D984600937D3C /* Build configuration list for PBXNativeTarget "AussieNews WatchKit Extension" */ = {
			isa = XCConfigurationList;
			buildConfigurations = (
				23794A5B233D984600937D3C /* Debug */,
				23794A5C233D984600937D3C /* Release */,
			);
			defaultConfigurationIsVisible = 0;
			defaultConfigurationName = Release;
		};
		23794A5E233D984600937D3C /* Build configuration list for PBXNativeTarget "AussieNews WatchKit App" */ = {
			isa = XCConfigurationList;
			buildConfigurations = (
				23794A5F233D984600937D3C /* Debug */,
				23794A60233D984600937D3C /* Release */,
			);
			defaultConfigurationIsVisible = 0;
			defaultConfigurationName = Release;
		};
		23794A62233D984600937D3C /* Build configuration list for PBXNativeTarget "AussieNews" */ = {
			isa = XCConfigurationList;
			buildConfigurations = (
				23794A63233D984600937D3C /* Debug */,
				23794A64233D984600937D3C /* Release */,
			);
			defaultConfigurationIsVisible = 0;
			defaultConfigurationName = Release;
		};
/* End XCConfigurationList section */
	};
	rootObject = 23794A27233D984300937D3C /* Project object */;
}
